
Microsoft Visual Studio Solution File, Format Version 11.00
# Visual Studio 2010
Project("{8BC9CEB8-8B4A-11D0-8D11-00A0C91BC942}") = "hw2_1", "hw2_1.vcxproj", "{CAF3BAAD-CCAC-49F1-B7FE-C4C417FE1731}"
EndProject
Global
	GlobalSection(SolutionConfigurationPlatforms) = preSolution
		Debug|Win32 = Debug|Win32
		Release|Win32 = Release|Win32
	EndGlobalSection
	GlobalSection(ProjectConfigurationPlatforms) = postSolution
		{CAF3BAAD-CCAC-49F1-B7FE-C4C417FE1731}.Debug|Win32.ActiveCfg = Debug|Win32
		{CAF3BAAD-CCAC-49F1-B7FE-C4C417FE1731}.Debug|Win32.Build.0 = Debug|Win32
		{CAF3BAAD-CCAC-49F1-B7FE-C4C417FE1731}.Release|Win32.ActiveCfg = Release|Win32
		{CAF3BAAD-CCAC-49F1-B7FE-C4C417FE1731}.Release|Win32.Build.0 = Release|Win32
	EndGlobalSection
	GlobalSection(SolutionProperties) = preSolution
		HideSolutionNode = FALSE
	EndGlobalSection
EndGlobal
